
Microsoft Visual Studio Solution File, Format Version 12.00
# Visual Studio Version 17
VisualStudioVersion = 17.9.34728.123
MinimumVisualStudioVersion = 10.0.40219.1
Project("{FAE04EC0-301F-11D3-BF4B-00C04F79EFBC}") = "Guia9.1", "Guia9.1\Guia9.1.csproj", "{4E22FDAA-11ED-4AD6-8BCF-63242A175E40}"
EndProject
Global
	GlobalSection(SolutionConfigurationPlatforms) = preSolution
		Debug|Any CPU = Debug|Any CPU
		Release|Any CPU = Release|Any CPU
	EndGlobalSection
	GlobalSection(ProjectConfigurationPlatforms) = postSolution
		{4E22FDAA-11ED-4AD6-8BCF-63242A175E40}.Debug|Any CPU.ActiveCfg = Debug|Any CPU
		{4E22FDAA-11ED-4AD6-8BCF-63242A175E40}.Debug|Any CPU.Build.0 = Debug|Any CPU
		{4E22FDAA-11ED-4AD6-8BCF-63242A175E40}.Release|Any CPU.ActiveCfg = Release|Any CPU
		{4E22FDAA-11ED-4AD6-8BCF-63242A175E40}.Release|Any CPU.Build.0 = Release|Any CPU
	EndGlobalSection
	GlobalSection(SolutionProperties) = preSolution
		HideSolutionNode = FALSE
	EndGlobalSection
	GlobalSection(ExtensibilityGlobals) = postSolution
		SolutionGuid = {60DA5296-7F78-4BFA-AFAB-CF015E6130DD}
	EndGlobalSection
EndGlobal
